
Microsoft Visual Studio Solution File, Format Version 12.00
# Visual Studio Version 16
VisualStudioVersion = 16.0.31205.134
MinimumVisualStudioVersion = 10.0.40219.1
Project("{8BC9CEB8-8B4A-11D0-8D11-00A0C91BC942}") = "R03_G2_dxlib_stg", "R03_G2_dxlib_stg.vcxproj", "{BC8B4A06-A5AA-4D3D-B538-B95144BA9FF3}"
EndProject
Global
	GlobalSection(SolutionConfigurationPlatforms) = preSolution
		Debug|x64 = Debug|x64
		Debug|x86 = Debug|x86
		Release|x64 = Release|x64
		Release|x86 = Release|x86
	EndGlobalSection
	GlobalSection(ProjectConfigurationPlatforms) = postSolution
		{BC8B4A06-A5AA-4D3D-B538-B95144BA9FF3}.Debug|x64.ActiveCfg = Debug|x64
		{BC8B4A06-A5AA-4D3D-B538-B95144BA9FF3}.Debug|x64.Build.0 = Debug|x64
		{BC8B4A06-A5AA-4D3D-B538-B95144BA9FF3}.Debug|x86.ActiveCfg = Debug|Win32
		{BC8B4A06-A5AA-4D3D-B538-B95144BA9FF3}.Debug|x86.Build.0 = Debug|Win32
		{BC8B4A06-A5AA-4D3D-B538-B95144BA9FF3}.Release|x64.ActiveCfg = Release|x64
		{BC8B4A06-A5AA-4D3D-B538-B95144BA9FF3}.Release|x64.Build.0 = Release|x64
		{BC8B4A06-A5AA-4D3D-B538-B95144BA9FF3}.Release|x86.ActiveCfg = Release|Win32
		{BC8B4A06-A5AA-4D3D-B538-B95144BA9FF3}.Release|x86.Build.0 = Release|Win32
	EndGlobalSection
	GlobalSection(SolutionProperties) = preSolution
		HideSolutionNode = FALSE
	EndGlobalSection
	GlobalSection(ExtensibilityGlobals) = postSolution
		SolutionGuid = {2E7FE035-6FB8-4AA8-8341-29FABD587E5B}
	EndGlobalSection
EndGlobal
